// !$*UTF8*$!
{
	archiveVersion = 1;
	classes = {
	};
	objectVersion = 77;
	objects = {

/* Begin PBXBuildFile section */
		0E33CE3E2EA982880001384E /* FirebaseAuth in Frameworks */ = {isa = PBXBuildFile; productRef = 0E33CE3D2EA982880001384E /* FirebaseAuth */; };
		0E33CE402EA982880001384E /* FirebaseCore in Frameworks */ = {isa = PBXBuildFile; productRef = 0E33CE3F2EA982880001384E /* FirebaseCore */; };
		0E33CE422EA982880001384E /* FirebaseFirestore in Frameworks */ = {isa = PBXBuildFile; productRef = 0E33CE412EA982880001384E /* FirebaseFirestore */; };
		0E33CE452EA982F70001384E /* GoogleSignIn in Frameworks */ = {isa = PBXBuildFile; productRef = 0E33CE442EA982F70001384E /* GoogleSignIn */; };
		0E33CE472EA982F70001384E /* GoogleSignInSwift in Frameworks */ = {isa = PBXBuildFile; productRef = 0E33CE462EA982F70001384E /* GoogleSignInSwift */; };
		551B3CD22EDA688C00022576 /* onnxruntime in Frameworks */ = {isa = PBXBuildFile; productRef = 551B3CD12EDA688C00022576 /* onnxruntime */; };
		551B3CD42EDA688C00022576 /* onnxruntime_extensions in Frameworks */ = {isa = PBXBuildFile; productRef = 551B3CD32EDA688C00022576 /* onnxruntime_extensions */; };
		684479392EBC51B0001C3723 /* CropViewController in Frameworks */ = {isa = PBXBuildFile; productRef = 684479382EBC51B0001C3723 /* CropViewController */; };
		6844793B2EBC6149001C3723 /* FirebaseStorage in Frameworks */ = {isa = PBXBuildFile; productRef = 6844793A2EBC6149001C3723 /* FirebaseStorage */; };
/* End PBXBuildFile section */

/* Begin PBXContainerItemProxy section */
		68BF5F192EA2CDB1005C065F /* PBXContainerItemProxy */ = {
			isa = PBXContainerItemProxy;
			containerPortal = 68BF5F032EA2CDAE005C065F /* Project object */;
			proxyType = 1;
			remoteGlobalIDString = 68BF5F0A2EA2CDAE005C065F;
			remoteInfo = ReceiptManagerIOSApp;
		};
		68BF5F232EA2CDB1005C065F /* PBXContainerItemProxy */ = {
			isa = PBXContainerItemProxy;
			containerPortal = 68BF5F032EA2CDAE005C065F /* Project object */;
			proxyType = 1;
			remoteGlobalIDString = 68BF5F0A2EA2CDAE005C065F;
			remoteInfo = ReceiptManagerIOSApp;
		};
/* End PBXContainerItemProxy section */

/* Begin PBXFileReference section */
		68BF5F0B2EA2CDAE005C065F /* ReceiptManagerIOSApp.app */ = {isa = PBXFileReference; explicitFileType = wrapper.application; includeInIndex = 0; path = ReceiptManagerIOSApp.app; sourceTree = BUILT_PRODUCTS_DIR; };
		68BF5F182EA2CDB1005C065F /* ReceiptManagerIOSAppTests.xctest */ = {isa = PBXFileReference; explicitFileType = wrapper.cfbundle; includeInIndex = 0; path = ReceiptManagerIOSAppTests.xctest; sourceTree = BUILT_PRODUCTS_DIR; };
		68BF5F222EA2CDB1005C065F /* ReceiptManagerIOSAppUITests.xctest */ = {isa = PBXFileReference; explicitFileType = wrapper.cfbundle; includeInIndex = 0; path = ReceiptManagerIOSAppUITests.xctest; sourceTree = BUILT_PRODUCTS_DIR; };
/* End PBXFileReference section */

/* Begin PBXFileSystemSynchronizedBuildFileExceptionSet section */
		0E33CE3B2EA97FB40001384E /* Exceptions for "ReceiptManagerIOSApp" folder in "ReceiptManagerIOSApp" target */ = {
			isa = PBXFileSystemSynchronizedBuildFileExceptionSet;
			membershipExceptions = (
				Info.plist,
			);
			target = 68BF5F0A2EA2CDAE005C065F /* ReceiptManagerIOSApp */;
		};
/* End PBXFileSystemSynchronizedBuildFileExceptionSet section */

/* Begin PBXFileSystemSynchronizedRootGroup section */
		68BF5F0D2EA2CDAE005C065F /* ReceiptManagerIOSApp */ = {
			isa = PBXFileSystemSynchronizedRootGroup;
			exceptions = (
				0E33CE3B2EA97FB40001384E /* Exceptions for "ReceiptManagerIOSApp" folder in "ReceiptManagerIOSApp" target */,
			);
			path = ReceiptManagerIOSApp;
			sourceTree = "<group>";
		};
		68BF5F1B2EA2CDB1005C065F /* ReceiptManagerIOSAppTests */ = {
			isa = PBXFileSystemSynchronizedRootGroup;
			path = ReceiptManagerIOSAppTests;
			sourceTree = "<group>";
		};
		68BF5F252EA2CDB1005C065F /* ReceiptManagerIOSAppUITests */ = {
			isa = PBXFileSystemSynchronizedRootGroup;
			path = ReceiptManagerIOSAppUITests;
			sourceTree = "<group>";
		};
/* End PBXFileSystemSynchronizedRootGroup section */

/* Begin PBXFrameworksBuildPhase section */
		68BF5F082EA2CDAE005C065F /* Frameworks */ = {
			isa = PBXFrameworksBuildPhase;
			buildActionMask = 2147483647;
			files = (
				0E33CE472EA982F70001384E /* GoogleSignInSwift in Frameworks */,
				0E33CE402EA982880001384E /* FirebaseCore in Frameworks */,
				551B3CD22EDA688C00022576 /* onnxruntime in Frameworks */,
				0E33CE452EA982F70001384E /* GoogleSignIn in Frameworks */,
				0E33CE3E2EA982880001384E /* FirebaseAuth in Frameworks */,
				6844793B2EBC6149001C3723 /* FirebaseStorage in Frameworks */,
				0E33CE422EA982880001384E /* FirebaseFirestore in Frameworks */,
				684479392EBC51B0001C3723 /* CropViewController in Frameworks */,
				551B3CD42EDA688C00022576 /* onnxruntime_extensions in Frameworks */,
			);
			runOnlyForDeploymentPostprocessing = 0;
		};
		68BF5F152EA2CDB1005C065F /* Frameworks */ = {
			isa = PBXFrameworksBuildPhase;
			buildActionMask = 2147483647;
			files = (
			);
			runOnlyForDeploymentPostprocessing = 0;
		};
		68BF5F1F2EA2CDB1005C065F /* Frameworks */ = {
			isa = PBXFrameworksBuildPhase;
			buildActionMask = 2147483647;
			files = (
			);
			runOnlyForDeploymentPostprocessing = 0;
		};
/* End PBXFrameworksBuildPhase section */

/* Begin PBXGroup section */
		63A5282A2EA74CA50085B84C /* Frameworks */ = {
			isa = PBXGroup;
			children = (
			);
			name = Frameworks;
			sourceTree = "<group>";
		};
		68BF5F022EA2CDAE005C065F = {
			isa = PBXGroup;
			children = (
				68BF5F0D2EA2CDAE005C065F /* ReceiptManagerIOSApp */,
				68BF5F1B2EA2CDB1005C065F /* ReceiptManagerIOSAppTests */,
				68BF5F252EA2CDB1005C065F /* ReceiptManagerIOSAppUITests */,
				63A5282A2EA74CA50085B84C /* Frameworks */,
				68BF5F0C2EA2CDAE005C065F /* Products */,
			);
			sourceTree = "<group>";
		};
		68BF5F0C2EA2CDAE005C065F /* Products */ = {
			isa = PBXGroup;
			children = (
				68BF5F0B2EA2CDAE005C065F /* ReceiptManagerIOSApp.app */,
				68BF5F182EA2CDB1005C065F /* ReceiptManagerIOSAppTests.xctest */,
				68BF5F222EA2CDB1005C065F /* ReceiptManagerIOSAppUITests.xctest */,
			);
			name = Products;
			sourceTree = "<group>";
		};
/* End PBXGroup section */

/* Begin PBXNativeTarget section */
		68BF5F0A2EA2CDAE005C065F /* ReceiptManagerIOSApp */ = {
			isa = PBXNativeTarget;
			buildConfigurationList = 68BF5F2C2EA2CDB1005C065F /* Build configuration list for PBXNativeTarget "ReceiptManagerIOSApp" */;
			buildPhases = (
				68BF5F072EA2CDAE005C065F /* Sources */,
				68BF5F082EA2CDAE005C065F /* Frameworks */,
				68BF5F092EA2CDAE005C065F /* Resources */,
			);
			buildRules = (
			);
			dependencies = (
			);
			fileSystemSynchronizedGroups = (
				68BF5F0D2EA2CDAE005C065F /* ReceiptManagerIOSApp */,
			);
			name = ReceiptManagerIOSApp;
			packageProductDependencies = (
				0E33CE3D2EA982880001384E /* FirebaseAuth */,
				0E33CE3F2EA982880001384E /* FirebaseCore */,
				0E33CE412EA982880001384E /* FirebaseFirestore */,
				0E33CE442EA982F70001384E /* GoogleSignIn */,
				0E33CE462EA982F70001384E /* GoogleSignInSwift */,
				684479382EBC51B0001C3723 /* CropViewController */,
				6844793A2EBC6149001C3723 /* FirebaseStorage */,
				551B3CD12EDA688C00022576 /* onnxruntime */,
				551B3CD32EDA688C00022576 /* onnxruntime_extensions */,
			);
			productName = ReceiptManagerIOSApp;
			productReference = 68BF5F0B2EA2CDAE005C065F /* ReceiptManagerIOSApp.app */;
			productType = "com.apple.product-type.application";
		};
		68BF5F172EA2CDB1005C065F /* ReceiptManagerIOSAppTests */ = {
			isa = PBXNativeTarget;
			buildConfigurationList = 68BF5F2F2EA2CDB1005C065F /* Build configuration list for PBXNativeTarget "ReceiptManagerIOSAppTests" */;
			buildPhases = (
				68BF5F142EA2CDB1005C065F /* Sources */,
				68BF5F152EA2CDB1005C065F /* Frameworks */,
				68BF5F162EA2CDB1005C065F /* Resources */,
			);
			buildRules = (
			);
			dependencies = (
				68BF5F1A2EA2CDB1005C065F /* PBXTargetDependency */,
			);
			fileSystemSynchronizedGroups = (
				68BF5F1B2EA2CDB1005C065F /* ReceiptManagerIOSAppTests */,
			);
			name = ReceiptManagerIOSAppTests;
			packageProductDependencies = (
			);
			productName = ReceiptManagerIOSAppTests;
			productReference = 68BF5F182EA2CDB1005C065F /* ReceiptManagerIOSAppTests.xctest */;
			productType = "com.apple.product-type.bundle.unit-test";
		};
		68BF5F212EA2CDB1005C065F /* ReceiptManagerIOSAppUITests */ = {
			isa = PBXNativeTarget;
			buildConfigurationList = 68BF5F322EA2CDB1005C065F /* Build configuration list for PBXNativeTarget "ReceiptManagerIOSAppUITests" */;
			buildPhases = (
				68BF5F1E2EA2CDB1005C065F /* Sources */,
				68BF5F1F2EA2CDB1005C065F /* Frameworks */,
				68BF5F202EA2CDB1005C065F /* Resources */,
			);
			buildRules = (
			);
			dependencies = (
				68BF5F242EA2CDB1005C065F /* PBXTargetDependency */,
			);
			fileSystemSynchronizedGroups = (
				68BF5F252EA2CDB1005C065F /* ReceiptManagerIOSAppUITests */,
			);
			name = ReceiptManagerIOSAppUITests;
			packageProductDependencies = (
			);
			productName = ReceiptManagerIOSAppUITests;
			productReference = 68BF5F222EA2CDB1005C065F /* ReceiptManagerIOSAppUITests.xctest */;
			productType = "com.apple.product-type.bundle.ui-testing";
		};
/* End PBXNativeTarget section */

/* Begin PBXProject section */
		68BF5F032EA2CDAE005C065F /* Project object */ = {
			isa = PBXProject;
			attributes = {
				BuildIndependentTargetsInParallel = 1;
				LastSwiftUpdateCheck = 2600;
				LastUpgradeCheck = 2600;
				TargetAttributes = {
					68BF5F0A2EA2CDAE005C065F = {
						CreatedOnToolsVersion = 26.0.1;
					};
					68BF5F172EA2CDB1005C065F = {
						CreatedOnToolsVersion = 26.0.1;
						TestTargetID = 68BF5F0A2EA2CDAE005C065F;
					};
					68BF5F212EA2CDB1005C065F = {
						CreatedOnToolsVersion = 26.0.1;
						TestTargetID = 68BF5F0A2EA2CDAE005C065F;
					};
				};
			};
			buildConfigurationList = 68BF5F062EA2CDAE005C065F /* Build configuration list for PBXProject "ReceiptManagerIOSApp" */;
			developmentRegion = en;
			hasScannedForEncodings = 0;
			knownRegions = (
				en,
				Base,
			);
			mainGroup = 68BF5F022EA2CDAE005C065F;
			minimizedProjectReferenceProxies = 1;
			packageReferences = (
				0E33CE3C2EA982880001384E /* XCRemoteSwiftPackageReference "firebase-ios-sdk" */,
				0E33CE432EA982F70001384E /* XCRemoteSwiftPackageReference "GoogleSignIn-iOS" */,
				684479372EBC51B0001C3723 /* XCRemoteSwiftPackageReference "TOCropViewController" */,
				551B3CD02EDA688C00022576 /* XCRemoteSwiftPackageReference "onnxruntime-swift-package-manager" */,
			);
			preferredProjectObjectVersion = 77;
			productRefGroup = 68BF5F0C2EA2CDAE005C065F /* Products */;
			projectDirPath = "";
			projectRoot = "";
			targets = (
				68BF5F0A2EA2CDAE005C065F /* ReceiptManagerIOSApp */,
				68BF5F172EA2CDB1005C065F /* ReceiptManagerIOSAppTests */,
				68BF5F212EA2CDB1005C065F /* ReceiptManagerIOSAppUITests */,
			);
		};
/* End PBXProject section */

/* Begin PBXResourcesBuildPhase section */
		68BF5F092EA2CDAE005C065F /* Resources */ = {
			isa = PBXResourcesBuildPhase;
			buildActionMask = 2147483647;
			files = (
			);
			runOnlyForDeploymentPostprocessing = 0;
		};
		68BF5F162EA2CDB1005C065F /* Resources */ = {
			isa = PBXResourcesBuildPhase;
			buildActionMask = 2147483647;
			files = (
			);
			runOnlyForDeploymentPostprocessing = 0;
		};
		68BF5F202EA2CDB1005C065F /* Resources */ = {
			isa = PBXResourcesBuildPhase;
			buildActionMask = 2147483647;
			files = (
			);
			runOnlyForDeploymentPostprocessing = 0;
		};
/* End PBXResourcesBuildPhase section */

/* Begin PBXSourcesBuildPhase section */
		68BF5F072EA2CDAE005C065F /* Sources */ = {
			isa = PBXSourcesBuildPhase;
			buildActionMask = 2147483647;
			files = (
			);
			runOnlyForDeploymentPostprocessing = 0;
		};
		68BF5F142EA2CDB1005C065F /* Sources */ = {
			isa = PBXSourcesBuildPhase;
			buildActionMask = 2147483647;
			files = (
			);
			runOnlyForDeploymentPostprocessing = 0;
		};
		68BF5F1E2EA2CDB1005C065F /* Sources */ = {
			isa = PBXSourcesBuildPhase;
			buildActionMask = 2147483647;
			files = (
			);
			runOnlyForDeploymentPostprocessing = 0;
		};
/* End PBXSourcesBuildPhase section */

/* Begin PBXTargetDependency section */
		68BF5F1A2EA2CDB1005C065F /* PBXTargetDependency */ = {
			isa = PBXTargetDependency;
			target = 68BF5F0A2EA2CDAE005C065F /* ReceiptManagerIOSApp */;
			targetProxy = 68BF5F192EA2CDB1005C065F /* PBXContainerItemProxy */;
		};
		68BF5F242EA2CDB1005C065F /* PBXTargetDependency */ = {
			isa = PBXTargetDependency;
			target = 68BF5F0A2EA2CDAE005C065F /* ReceiptManagerIOSApp */;
			targetProxy = 68BF5F232EA2CDB1005C065F /* PBXContainerItemProxy */;
		};
/* End PBXTargetDependency section */

/* Begin XCBuildConfiguration section */
		68BF5F2A2EA2CDB1005C065F /* Debug */ = {
			isa = XCBuildConfiguration;
			buildSettings = {
				ALWAYS_SEARCH_USER_PATHS = NO;
				ASSETCATALOG_COMPILER_GENERATE_SWIFT_ASSET_SYMBOL_EXTENSIONS = YES;
				CLANG_ANALYZER_NONNULL = YES;
				CLANG_ANALYZER_NUMBER_OBJECT_CONVERSION = YES_AGGRESSIVE;
				CLANG_CXX_LANGUAGE_STANDARD = "gnu++20";
				CLANG_ENABLE_MODULES = YES;
				CLANG_ENABLE_OBJC_ARC = YES;
				CLANG_ENABLE_OBJC_WEAK = YES;
				CLANG_WARN_BLOCK_CAPTURE_AUTORELEASING = YES;
				CLANG_WARN_BOOL_CONVERSION = YES;
				CLANG_WARN_COMMA = YES;
				CLANG_WARN_CONSTANT_CONVERSION = YES;
				CLANG_WARN_DEPRECATED_OBJC_IMPLEMENTATIONS = YES;
				CLANG_WARN_DIRECT_OBJC_ISA_USAGE = YES_ERROR;
				CLANG_WARN_DOCUMENTATION_COMMENTS = YES;
				CLANG_WARN_EMPTY_BODY = YES;
				CLANG_WARN_ENUM_CONVERSION = YES;
				CLANG_WARN_INFINITE_RECURSION = YES;
				CLANG_WARN_INT_CONVERSION = YES;
				CLANG_WARN_NON_LITERAL_NULL_CONVERSION = YES;
				CLANG_WARN_OBJC_IMPLICIT_RETAIN_SELF = YES;
				CLANG_WARN_OBJC_LITERAL_CONVERSION = YES;
				CLANG_WARN_OBJC_ROOT_CLASS = YES_ERROR;
				CLANG_WARN_QUOTED_INCLUDE_IN_FRAMEWORK_HEADER = YES;
				CLANG_WARN_RANGE_LOOP_ANALYSIS = YES;
				CLANG_WARN_STRICT_PROTOTYPES = YES;
				CLANG_WARN_SUSPICIOUS_MOVE = YES;
				CLANG_WARN_UNGUARDED_AVAILABILITY = YES_AGGRESSIVE;
				CLANG_WARN_UNREACHABLE_CODE = YES;
				CLANG_WARN__DUPLICATE_METHOD_MATCH = YES;
				COPY_PHASE_STRIP = NO;
				DEBUG_INFORMATION_FORMAT = dwarf;
				ENABLE_STRICT_OBJC_MSGSEND = YES;
				ENABLE_TESTABILITY = YES;
				ENABLE_USER_SCRIPT_SANDBOXING = YES;
				GCC_C_LANGUAGE_STANDARD = gnu17;
				GCC_DYNAMIC_NO_PIC = NO;
				GCC_NO_COMMON_BLOCKS = YES;
				GCC_OPTIMIZATION_LEVEL = 0;
				GCC_PREPROCESSOR_DEFINITIONS = (
					"DEBUG=1",
					"$(inherited)",
				);
				GCC_WARN_64_TO_32_BIT_CONVERSION = YES;
				GCC_WARN_ABOUT_RETURN_TYPE = YES_ERROR;
				GCC_WARN_UNDECLARED_SELECTOR = YES;
				GCC_WARN_UNINITIALIZED_AUTOS = YES_AGGRESSIVE;
				GCC_WARN_UNUSED_FUNCTION = YES;
				GCC_WARN_UNUSED_VARIABLE = YES;
				IPHONEOS_DEPLOYMENT_TARGET = 26.0;
				LOCALIZATION_PREFERS_STRING_CATALOGS = YES;
				MTL_ENABLE_DEBUG_INFO = INCLUDE_SOURCE;
				MTL_FAST_MATH = YES;
				ONLY_ACTIVE_ARCH = YES;
				SDKROOT = iphoneos;
				SWIFT_ACTIVE_COMPILATION_CONDITIONS = "DEBUG $(inherited)";
				SWIFT_OPTIMIZATION_LEVEL = "-Onone";
			};
			name = Debug;
		};
		68BF5F2B2EA2CDB1005C065F /* Release */ = {
			isa = XCBuildConfiguration;
			buildSettings = {
				ALWAYS_SEARCH_USER_PATHS = NO;
				ASSETCATALOG_COMPILER_GENERATE_SWIFT_ASSET_SYMBOL_EXTENSIONS = YES;
				CLANG_ANALYZER_NONNULL = YES;
				CLANG_ANALYZER_NUMBER_OBJECT_CONVERSION = YES_AGGRESSIVE;
				CLANG_CXX_LANGUAGE_STANDARD = "gnu++20";
				CLANG_ENABLE_MODULES = YES;
				CLANG_ENABLE_OBJC_ARC = YES;
				CLANG_ENABLE_OBJC_WEAK = YES;
				CLANG_WARN_BLOCK_CAPTURE_AUTORELEASING = YES;
				CLANG_WARN_BOOL_CONVERSION = YES;
				CLANG_WARN_COMMA = YES;
				CLANG_WARN_CONSTANT_CONVERSION = YES;
				CLANG_WARN_DEPRECATED_OBJC_IMPLEMENTATIONS = YES;
				CLANG_WARN_DIRECT_OBJC_ISA_USAGE = YES_ERROR;
				CLANG_WARN_DOCUMENTATION_COMMENTS = YES;
				CLANG_WARN_EMPTY_BODY = YES;
				CLANG_WARN_ENUM_CONVERSION = YES;
				CLANG_WARN_INFINITE_RECURSION = YES;
				CLANG_WARN_INT_CONVERSION = YES;
				CLANG_WARN_NON_LITERAL_NULL_CONVERSION = YES;
				CLANG_WARN_OBJC_IMPLICIT_RETAIN_SELF = YES;
				CLANG_WARN_OBJC_LITERAL_CONVERSION = YES;
				CLANG_WARN_OBJC_ROOT_CLASS = YES_ERROR;
				CLANG_WARN_SUSPICIOUS_MOVE = YES;
				CLANG_WARN_UNGUARDED_AVAILABILITY = YES_AGGRESSIVE;
				CLANG_WARN_UNREACHABLE_CODE = YES;
				CLANG_WARN__DUPLICATE_METHOD_MATCH = YES;
				COPY_PHASE_STRIP = NO;
				DEBUG_INFORMATION_FORMAT = "dwarf-with-dsym";
				ENABLE_NS_ASSERTIONS = NO;
				ENABLE_STRICT_OBJC_MSGSEND = YES;
				ENABLE_USER_SCRIPT_SANDBOXING = YES;
				GCC_C_LANGUAGE_STANDARD = gnu17;
				GCC_NO_COMMON_BLOCKS = YES;
				GCC_WARN_64_TO_32_BIT_CONVERSION = YES;
				GCC_WARN_ABOUT_RETURN_TYPE = YES_ERROR;
				GCC_WARN_UNDECLARED_SELECTOR = YES;
				GCC_WARN_UNINITIALIZED_AUTOS = YES_AGGRESSIVE;
				GCC_WARN_UNUSED_FUNCTION = YES;
				GCC_WARN_UNUSED_VARIABLE = YES;
				IPHONEOS_DEPLOYMENT_TARGET = 26.0;
				LOCALIZATION_PREFERS_STRING_CATALOGS = YES;
				MTL_ENABLE_DEBUG_INFO = NO;
				MTL_FAST_MATH = YES;
				SDKROOT = iphoneos;
				SWIFT_COMPILATION_MODE = wholemodule;
				VALIDATE_PRODUCT = YES;
			};
			name = Release;
		};
		68BF5F2D2EA2CDB1005C065F /* Debug */ = {
			isa = XCBuildConfiguration;
			buildSettings = {
				ASSETCATALOG_COMPILER_APPICON_NAME = AppIcon;
				ASSETCATALOG_COMPILER_GLOBAL_ACCENT_COLOR_NAME = AccentColor;
				CODE_SIGN_STYLE = Automatic;
				CURRENT_PROJECT_VERSION = 1;
				DEVELOPMENT_TEAM = 83BC9UN8S7;
				ENABLE_PREVIEWS = YES;
				GENERATE_INFOPLIST_FILE = YES;
				INFOPLIST_FILE = ReceiptManagerIOSApp/Info.plist;
				INFOPLIST_KEY_NSCameraUsageDescription = "This app needs camera access to scan receipts";
				INFOPLIST_KEY_UIApplicationSceneManifest_Generation = YES;
				INFOPLIST_KEY_UIApplicationSupportsIndirectInputEvents = YES;
				INFOPLIST_KEY_UILaunchScreen_Generation = YES;
				INFOPLIST_KEY_UISupportedInterfaceOrientations_iPad = "UIInterfaceOrientationPortrait UIInterfaceOrientationPortraitUpsideDown UIInterfaceOrientationLandscapeLeft UIInterfaceOrientationLandscapeRight";
				INFOPLIST_KEY_UISupportedInterfaceOrientations_iPhone = "UIInterfaceOrientationPortrait UIInterfaceOrientationLandscapeLeft UIInterfaceOrientationLandscapeRight";
				LD_RUNPATH_SEARCH_PATHS = (
					"$(inherited)",
					"@executable_path/Frameworks",
				);
				MARKETING_VERSION = 1.0;
				PRODUCT_BUNDLE_IDENTIFIER = com.example.ReceiptManagerIOSApp;
				PRODUCT_NAME = "$(TARGET_NAME)";
				STRING_CATALOG_GENERATE_SYMBOLS = YES;
				SWIFT_APPROACHABLE_CONCURRENCY = YES;
				SWIFT_DEFAULT_ACTOR_ISOLATION = MainActor;
				SWIFT_EMIT_LOC_STRINGS = YES;
				SWIFT_UPCOMING_FEATURE_MEMBER_IMPORT_VISIBILITY = YES;
				SWIFT_VERSION = 5.0;
				TARGETED_DEVICE_FAMILY = "1,2";
			};
			name = Debug;
		};
		68BF5F2E2EA2CDB1005C065F /* Release */ = {
			isa = XCBuildConfiguration;
			buildSettings = {
				ASSETCATALOG_COMPILER_APPICON_NAME = AppIcon;
				ASSETCATALOG_COMPILER_GLOBAL_ACCENT_COLOR_NAME = AccentColor;
				CODE_SIGN_STYLE = Automatic;
				CURRENT_PROJECT_VERSION = 1;
				DEVELOPMENT_TEAM = 83BC9UN8S7;
				ENABLE_PREVIEWS = YES;
				GENERATE_INFOPLIST_FILE = YES;
				INFOPLIST_FILE = ReceiptManagerIOSApp/Info.plist;
				INFOPLIST_KEY_NSCameraUsageDescription = "This app needs camera access to scan receipts";
				INFOPLIST_KEY_UIApplicationSceneManifest_Generation = YES;
				INFOPLIST_KEY_UIApplicationSupportsIndirectInputEvents = YES;
				INFOPLIST_KEY_UILaunchScreen_Generation = YES;
				INFOPLIST_KEY_UISupportedInterfaceOrientations_iPad = "UIInterfaceOrientationPortrait UIInterfaceOrientationPortraitUpsideDown UIInterfaceOrientationLandscapeLeft UIInterfaceOrientationLandscapeRight";
				INFOPLIST_KEY_UISupportedInterfaceOrientations_iPhone = "UIInterfaceOrientationPortrait UIInterfaceOrientationLandscapeLeft UIInterfaceOrientationLandscapeRight";
				LD_RUNPATH_SEARCH_PATHS = (
					"$(inherited)",
					"@executable_path/Frameworks",
				);
				MARKETING_VERSION = 1.0;
				PRODUCT_BUNDLE_IDENTIFIER = com.example.ReceiptManagerIOSApp;
				PRODUCT_NAME = "$(TARGET_NAME)";
				STRING_CATALOG_GENERATE_SYMBOLS = YES;
				SWIFT_APPROACHABLE_CONCURRENCY = YES;
				SWIFT_DEFAULT_ACTOR_ISOLATION = MainActor;
				SWIFT_EMIT_LOC_STRINGS = YES;
				SWIFT_UPCOMING_FEATURE_MEMBER_IMPORT_VISIBILITY = YES;
				SWIFT_VERSION = 5.0;
				TARGETED_DEVICE_FAMILY = "1,2";
			};
			name = Release;
		};
		68BF5F302EA2CDB1005C065F /* Debug */ = {
			isa = XCBuildConfiguration;
			buildSettings = {
				BUNDLE_LOADER = "$(TEST_HOST)";
				CODE_SIGN_STYLE = Automatic;
				CURRENT_PROJECT_VERSION = 1;
				GENERATE_INFOPLIST_FILE = YES;
				IPHONEOS_DEPLOYMENT_TARGET = 26.0;
				MARKETING_VERSION = 1.0;
				PRODUCT_BUNDLE_IDENTIFIER = BinaryMasters.ReceiptManagerIOSAppTests;
				PRODUCT_NAME = "$(TARGET_NAME)";
				STRING_CATALOG_GENERATE_SYMBOLS = NO;
				SWIFT_APPROACHABLE_CONCURRENCY = YES;
				SWIFT_EMIT_LOC_STRINGS = NO;
				SWIFT_UPCOMING_FEATURE_MEMBER_IMPORT_VISIBILITY = YES;
				SWIFT_VERSION = 5.0;
				TARGETED_DEVICE_FAMILY = "1,2";
				TEST_HOST = "$(BUILT_PRODUCTS_DIR)/ReceiptManagerIOSApp.app/$(BUNDLE_EXECUTABLE_FOLDER_PATH)/ReceiptManagerIOSApp";
			};
			name = Debug;
		};
		68BF5F312EA2CDB1005C065F /* Release */ = {
			isa = XCBuildConfiguration;
			buildSettings = {
				BUNDLE_LOADER = "$(TEST_HOST)";
				CODE_SIGN_STYLE = Automatic;
				CURRENT_PROJECT_VERSION = 1;
				GENERATE_INFOPLIST_FILE = YES;
				IPHONEOS_DEPLOYMENT_TARGET = 26.0;
				MARKETING_VERSION = 1.0;
				PRODUCT_BUNDLE_IDENTIFIER = BinaryMasters.ReceiptManagerIOSAppTests;
				PRODUCT_NAME = "$(TARGET_NAME)";
				STRING_CATALOG_GENERATE_SYMBOLS = NO;
				SWIFT_APPROACHABLE_CONCURRENCY = YES;
				SWIFT_EMIT_LOC_STRINGS = NO;
				SWIFT_UPCOMING_FEATURE_MEMBER_IMPORT_VISIBILITY = YES;
				SWIFT_VERSION = 5.0;
				TARGETED_DEVICE_FAMILY = "1,2";
				TEST_HOST = "$(BUILT_PRODUCTS_DIR)/ReceiptManagerIOSApp.app/$(BUNDLE_EXECUTABLE_FOLDER_PATH)/ReceiptManagerIOSApp";
			};
			name = Release;
		};
		68BF5F332EA2CDB1005C065F /* Debug */ = {
			isa = XCBuildConfiguration;
			buildSettings = {
				CODE_SIGN_STYLE = Automatic;
				CURRENT_PROJECT_VERSION = 1;
				GENERATE_INFOPLIST_FILE = YES;
				MARKETING_VERSION = 1.0;
				PRODUCT_BUNDLE_IDENTIFIER = BinaryMasters.ReceiptManagerIOSAppUITests;
				PRODUCT_NAME = "$(TARGET_NAME)";
				STRING_CATALOG_GENERATE_SYMBOLS = NO;
				SWIFT_APPROACHABLE_CONCURRENCY = YES;
				SWIFT_EMIT_LOC_STRINGS = NO;
				SWIFT_UPCOMING_FEATURE_MEMBER_IMPORT_VISIBILITY = YES;
				SWIFT_VERSION = 5.0;
				TARGETED_DEVICE_FAMILY = "1,2";
				TEST_TARGET_NAME = ReceiptManagerIOSApp;
			};
			name = Debug;
		};
		68BF5F342EA2CDB1005C065F /* Release */ = {
			isa = XCBuildConfiguration;
			buildSettings = {
				CODE_SIGN_STYLE = Automatic;
				CURRENT_PROJECT_VERSION = 1;
				GENERATE_INFOPLIST_FILE = YES;
				MARKETING_VERSION = 1.0;
				PRODUCT_BUNDLE_IDENTIFIER = BinaryMasters.ReceiptManagerIOSAppUITests;
				PRODUCT_NAME = "$(TARGET_NAME)";
				STRING_CATALOG_GENERATE_SYMBOLS = NO;
				SWIFT_APPROACHABLE_CONCURRENCY = YES;
				SWIFT_EMIT_LOC_STRINGS = NO;
				SWIFT_UPCOMING_FEATURE_MEMBER_IMPORT_VISIBILITY = YES;
				SWIFT_VERSION = 5.0;
				TARGETED_DEVICE_FAMILY = "1,2";
				TEST_TARGET_NAME = ReceiptManagerIOSApp;
			};
			name = Release;
		};
/* End XCBuildConfiguration section */

/* Begin XCConfigurationList section */
		68BF5F062EA2CDAE005C065F /* Build configuration list for PBXProject "ReceiptManagerIOSApp" */ = {
			isa = XCConfigurationList;
			buildConfigurations = (
				68BF5F2A2EA2CDB1005C065F /* Debug */,
				68BF5F2B2EA2CDB1005C065F /* Release */,
			);
			defaultConfigurationIsVisible = 0;
			defaultConfigurationName = Release;
		};
		68BF5F2C2EA2CDB1005C065F /* Build configuration list for PBXNativeTarget "ReceiptManagerIOSApp" */ = {
			isa = XCConfigurationList;
			buildConfigurations = (
				68BF5F2D2EA2CDB1005C065F /* Debug */,
				68BF5F2E2EA2CDB1005C065F /* Release */,
			);
			defaultConfigurationIsVisible = 0;
			defaultConfigurationName = Release;
		};
		68BF5F2F2EA2CDB1005C065F /* Build configuration list for PBXNativeTarget "ReceiptManagerIOSAppTests" */ = {
			isa = XCConfigurationList;
			buildConfigurations = (
				68BF5F302EA2CDB1005C065F /* Debug */,
				68BF5F312EA2CDB1005C065F /* Release */,
			);
			defaultConfigurationIsVisible = 0;
			defaultConfigurationName = Release;
		};
		68BF5F322EA2CDB1005C065F /* Build configuration list for PBXNativeTarget "ReceiptManagerIOSAppUITests" */ = {
			isa = XCConfigurationList;
			buildConfigurations = (
				68BF5F332EA2CDB1005C065F /* Debug */,
				68BF5F342EA2CDB1005C065F /* Release */,
			);
			defaultConfigurationIsVisible = 0;
			defaultConfigurationName = Release;
		};
/* End XCConfigurationList section */

/* Begin XCRemoteSwiftPackageReference section */
		0E33CE3C2EA982880001384E /* XCRemoteSwiftPackageReference "firebase-ios-sdk" */ = {
			isa = XCRemoteSwiftPackageReference;
			repositoryURL = "https://github.com/firebase/firebase-ios-sdk";
			requirement = {
				kind = upToNextMajorVersion;
				minimumVersion = 12.4.0;
			};
		};
		0E33CE432EA982F70001384E /* XCRemoteSwiftPackageReference "GoogleSignIn-iOS" */ = {
			isa = XCRemoteSwiftPackageReference;
			repositoryURL = "https://github.com/google/GoogleSignIn-iOS";
			requirement = {
				kind = upToNextMajorVersion;
				minimumVersion = 9.0.0;
			};
		};
		551B3CD02EDA688C00022576 /* XCRemoteSwiftPackageReference "onnxruntime-swift-package-manager" */ = {
			isa = XCRemoteSwiftPackageReference;
			repositoryURL = "https://github.com/microsoft/onnxruntime-swift-package-manager.git";
			requirement = {
				kind = upToNextMajorVersion;
				minimumVersion = 1.20.0;
			};
		};
		684479372EBC51B0001C3723 /* XCRemoteSwiftPackageReference "TOCropViewController" */ = {
			isa = XCRemoteSwiftPackageReference;
			repositoryURL = "https://github.com/TimOliver/TOCropViewController";
			requirement = {
				kind = upToNextMajorVersion;
				minimumVersion = 3.1.0;
			};
		};
/* End XCRemoteSwiftPackageReference section */

/* Begin XCSwiftPackageProductDependency section */
		0E33CE3D2EA982880001384E /* FirebaseAuth */ = {
			isa = XCSwiftPackageProductDependency;
			package = 0E33CE3C2EA982880001384E /* XCRemoteSwiftPackageReference "firebase-ios-sdk" */;
			productName = FirebaseAuth;
		};
		0E33CE3F2EA982880001384E /* FirebaseCore */ = {
			isa = XCSwiftPackageProductDependency;
			package = 0E33CE3C2EA982880001384E /* XCRemoteSwiftPackageReference "firebase-ios-sdk" */;
			productName = FirebaseCore;
		};
		0E33CE412EA982880001384E /* FirebaseFirestore */ = {
			isa = XCSwiftPackageProductDependency;
			package = 0E33CE3C2EA982880001384E /* XCRemoteSwiftPackageReference "firebase-ios-sdk" */;
			productName = FirebaseFirestore;
		};
		0E33CE442EA982F70001384E /* GoogleSignIn */ = {
			isa = XCSwiftPackageProductDependency;
			package = 0E33CE432EA982F70001384E /* XCRemoteSwiftPackageReference "GoogleSignIn-iOS" */;
			productName = GoogleSignIn;
		};
		0E33CE462EA982F70001384E /* GoogleSignInSwift */ = {
			isa = XCSwiftPackageProductDependency;
			package = 0E33CE432EA982F70001384E /* XCRemoteSwiftPackageReference "GoogleSignIn-iOS" */;
			productName = GoogleSignInSwift;
		};
		551B3CD12EDA688C00022576 /* onnxruntime */ = {
			isa = XCSwiftPackageProductDependency;
			package = 551B3CD02EDA688C00022576 /* XCRemoteSwiftPackageReference "onnxruntime-swift-package-manager" */;
			productName = onnxruntime;
		};
		551B3CD32EDA688C00022576 /* onnxruntime_extensions */ = {
			isa = XCSwiftPackageProductDependency;
			package = 551B3CD02EDA688C00022576 /* XCRemoteSwiftPackageReference "onnxruntime-swift-package-manager" */;
			productName = onnxruntime_extensions;
		};
		684479382EBC51B0001C3723 /* CropViewController */ = {
			isa = XCSwiftPackageProductDependency;
			package = 684479372EBC51B0001C3723 /* XCRemoteSwiftPackageReference "TOCropViewController" */;
			productName = CropViewController;
		};
		6844793A2EBC6149001C3723 /* FirebaseStorage */ = {
			isa = XCSwiftPackageProductDependency;
			package = 0E33CE3C2EA982880001384E /* XCRemoteSwiftPackageReference "firebase-ios-sdk" */;
			productName = FirebaseStorage;
		};
/* End XCSwiftPackageProductDependency section */
	};
	rootObject = 68BF5F032EA2CDAE005C065F /* Project object */;
}
