// !$*UTF8*$!
{
	archiveVersion = 1;
	classes = {
	};
	objectVersion = 77;
	objects = {

/* Begin PBXContainerItemProxy section */
		68BF5EC22EA2C9D6005C065F /* PBXContainerItemProxy */ = {
			isa = PBXContainerItemProxy;
			containerPortal = 68BF5EAC2EA2C9D5005C065F /* Project object */;
			proxyType = 1;
			remoteGlobalIDString = 68BF5EB32EA2C9D5005C065F;
			remoteInfo = ReceiptManager;
		};
		68BF5ECC2EA2C9D6005C065F /* PBXContainerItemProxy */ = {
			isa = PBXContainerItemProxy;
			containerPortal = 68BF5EAC2EA2C9D5005C065F /* Project object */;
			proxyType = 1;
			remoteGlobalIDString = 68BF5EB32EA2C9D5005C065F;
			remoteInfo = ReceiptManager;
		};
/* End PBXContainerItemProxy section */

/* Begin PBXFileReference section */
		68BF5EB42EA2C9D5005C065F /* ReceiptManager.app */ = {isa = PBXFileReference; explicitFileType = wrapper.application; includeInIndex = 0; path = ReceiptManager.app; sourceTree = BUILT_PRODUCTS_DIR; };
		68BF5EC12EA2C9D6005C065F /* ReceiptManagerTests.xctest */ = {isa = PBXFileReference; explicitFileType = wrapper.cfbundle; includeInIndex = 0; path = ReceiptManagerTests.xctest; sourceTree = BUILT_PRODUCTS_DIR; };
		68BF5ECB2EA2C9D6005C065F /* ReceiptManagerUITests.xctest */ = {isa = PBXFileReference; explicitFileType = wrapper.cfbundle; includeInIndex = 0; path = ReceiptManagerUITests.xctest; sourceTree = BUILT_PRODUCTS_DIR; };
/* End PBXFileReference section */

/* Begin PBXFileSystemSynchronizedRootGroup section */
		68BF5EB62EA2C9D5005C065F /* ReceiptManager */ = {
			isa = PBXFileSystemSynchronizedRootGroup;
			path = ReceiptManager;
			sourceTree = "<group>";
		};
		68BF5EC42EA2C9D6005C065F /* ReceiptManagerTests */ = {
			isa = PBXFileSystemSynchronizedRootGroup;
			path = ReceiptManagerTests;
			sourceTree = "<group>";
		};
		68BF5ECE2EA2C9D6005C065F /* ReceiptManagerUITests */ = {
			isa = PBXFileSystemSynchronizedRootGroup;
			path = ReceiptManagerUITests;
			sourceTree = "<group>";
		};
/* End PBXFileSystemSynchronizedRootGroup section */

/* Begin PBXFrameworksBuildPhase section */
		68BF5EB12EA2C9D5005C065F /* Frameworks */ = {
			isa = PBXFrameworksBuildPhase;
			buildActionMask = 2147483647;
			files = (
			);
			runOnlyForDeploymentPostprocessing = 0;
		};
		68BF5EBE2EA2C9D6005C065F /* Frameworks */ = {
			isa = PBXFrameworksBuildPhase;
			buildActionMask = 2147483647;
			files = (
			);
			runOnlyForDeploymentPostprocessing = 0;
		};
		68BF5EC82EA2C9D6005C065F /* Frameworks */ = {
			isa = PBXFrameworksBuildPhase;
			buildActionMask = 2147483647;
			files = (
			);
			runOnlyForDeploymentPostprocessing = 0;
		};
/* End PBXFrameworksBuildPhase section */

/* Begin PBXGroup section */
		68BF5EAB2EA2C9D5005C065F = {
			isa = PBXGroup;
			children = (
				68BF5EB62EA2C9D5005C065F /* ReceiptManager */,
				68BF5EC42EA2C9D6005C065F /* ReceiptManagerTests */,
				68BF5ECE2EA2C9D6005C065F /* ReceiptManagerUITests */,
				68BF5EB52EA2C9D5005C065F /* Products */,
			);
			sourceTree = "<group>";
		};
		68BF5EB52EA2C9D5005C065F /* Products */ = {
			isa = PBXGroup;
			children = (
				68BF5EB42EA2C9D5005C065F /* ReceiptManager.app */,
				68BF5EC12EA2C9D6005C065F /* ReceiptManagerTests.xctest */,
				68BF5ECB2EA2C9D6005C065F /* ReceiptManagerUITests.xctest */,
			);
			name = Products;
			sourceTree = "<group>";
		};
/* End PBXGroup section */

/* Begin PBXNativeTarget section */
		68BF5EB32EA2C9D5005C065F /* ReceiptManager */ = {
			isa = PBXNativeTarget;
			buildConfigurationList = 68BF5ED52EA2C9D6005C065F /* Build configuration list for PBXNativeTarget "ReceiptManager" */;
			buildPhases = (
				68BF5EB02EA2C9D5005C065F /* Sources */,
				68BF5EB12EA2C9D5005C065F /* Frameworks */,
				68BF5EB22EA2C9D5005C065F /* Resources */,
			);
			buildRules = (
			);
			dependencies = (
			);
			fileSystemSynchronizedGroups = (
				68BF5EB62EA2C9D5005C065F /* ReceiptManager */,
			);
			name = ReceiptManager;
			packageProductDependencies = (
			);
			productName = ReceiptManager;
			productReference = 68BF5EB42EA2C9D5005C065F /* ReceiptManager.app */;
			productType = "com.apple.product-type.application";
		};
		68BF5EC02EA2C9D6005C065F /* ReceiptManagerTests */ = {
			isa = PBXNativeTarget;
			buildConfigurationList = 68BF5ED82EA2C9D6005C065F /* Build configuration list for PBXNativeTarget "ReceiptManagerTests" */;
			buildPhases = (
				68BF5EBD2EA2C9D6005C065F /* Sources */,
				68BF5EBE2EA2C9D6005C065F /* Frameworks */,
				68BF5EBF2EA2C9D6005C065F /* Resources */,
			);
			buildRules = (
			);
			dependencies = (
				68BF5EC32EA2C9D6005C065F /* PBXTargetDependency */,
			);
			fileSystemSynchronizedGroups = (
				68BF5EC42EA2C9D6005C065F /* ReceiptManagerTests */,
			);
			name = ReceiptManagerTests;
			packageProductDependencies = (
			);
			productName = ReceiptManagerTests;
			productReference = 68BF5EC12EA2C9D6005C065F /* ReceiptManagerTests.xctest */;
			productType = "com.apple.product-type.bundle.unit-test";
		};
		68BF5ECA2EA2C9D6005C065F /* ReceiptManagerUITests */ = {
			isa = PBXNativeTarget;
			buildConfigurationList = 68BF5EDB2EA2C9D6005C065F /* Build configuration list for PBXNativeTarget "ReceiptManagerUITests" */;
			buildPhases = (
				68BF5EC72EA2C9D6005C065F /* Sources */,
				68BF5EC82EA2C9D6005C065F /* Frameworks */,
				68BF5EC92EA2C9D6005C065F /* Resources */,
			);
			buildRules = (
			);
			dependencies = (
				68BF5ECD2EA2C9D6005C065F /* PBXTargetDependency */,
			);
			fileSystemSynchronizedGroups = (
				68BF5ECE2EA2C9D6005C065F /* ReceiptManagerUITests */,
			);
			name = ReceiptManagerUITests;
			packageProductDependencies = (
			);
			productName = ReceiptManagerUITests;
			productReference = 68BF5ECB2EA2C9D6005C065F /* ReceiptManagerUITests.xctest */;
			productType = "com.apple.product-type.bundle.ui-testing";
		};
/* End PBXNativeTarget section */

/* Begin PBXProject section */
		68BF5EAC2EA2C9D5005C065F /* Project object */ = {
			isa = PBXProject;
			attributes = {
				BuildIndependentTargetsInParallel = 1;
				LastSwiftUpdateCheck = 2600;
				LastUpgradeCheck = 2600;
				TargetAttributes = {
					68BF5EB32EA2C9D5005C065F = {
						CreatedOnToolsVersion = 26.0.1;
					};
					68BF5EC02EA2C9D6005C065F = {
						CreatedOnToolsVersion = 26.0.1;
						TestTargetID = 68BF5EB32EA2C9D5005C065F;
					};
					68BF5ECA2EA2C9D6005C065F = {
						CreatedOnToolsVersion = 26.0.1;
						TestTargetID = 68BF5EB32EA2C9D5005C065F;
					};
				};
			};
			buildConfigurationList = 68BF5EAF2EA2C9D5005C065F /* Build configuration list for PBXProject "ReceiptManager" */;
			developmentRegion = en;
			hasScannedForEncodings = 0;
			knownRegions = (
				en,
				Base,
			);
			mainGroup = 68BF5EAB2EA2C9D5005C065F;
			minimizedProjectReferenceProxies = 1;
			preferredProjectObjectVersion = 77;
			productRefGroup = 68BF5EB52EA2C9D5005C065F /* Products */;
			projectDirPath = "";
			projectRoot = "";
			targets = (
				68BF5EB32EA2C9D5005C065F /* ReceiptManager */,
				68BF5EC02EA2C9D6005C065F /* ReceiptManagerTests */,
				68BF5ECA2EA2C9D6005C065F /* ReceiptManagerUITests */,
			);
		};
/* End PBXProject section */

/* Begin PBXResourcesBuildPhase section */
		68BF5EB22EA2C9D5005C065F /* Resources */ = {
			isa = PBXResourcesBuildPhase;
			buildActionMask = 2147483647;
			files = (
			);
			runOnlyForDeploymentPostprocessing = 0;
		};
		68BF5EBF2EA2C9D6005C065F /* Resources */ = {
			isa = PBXResourcesBuildPhase;
			buildActionMask = 2147483647;
			files = (
			);
			runOnlyForDeploymentPostprocessing = 0;
		};
		68BF5EC92EA2C9D6005C065F /* Resources */ = {
			isa = PBXResourcesBuildPhase;
			buildActionMask = 2147483647;
			files = (
			);
			runOnlyForDeploymentPostprocessing = 0;
		};
/* End PBXResourcesBuildPhase section */

/* Begin PBXSourcesBuildPhase section */
		68BF5EB02EA2C9D5005C065F /* Sources */ = {
			isa = PBXSourcesBuildPhase;
			buildActionMask = 2147483647;
			files = (
			);
			runOnlyForDeploymentPostprocessing = 0;
		};
		68BF5EBD2EA2C9D6005C065F /* Sources */ = {
			isa = PBXSourcesBuildPhase;
			buildActionMask = 2147483647;
			files = (
			);
			runOnlyForDeploymentPostprocessing = 0;
		};
		68BF5EC72EA2C9D6005C065F /* Sources */ = {
			isa = PBXSourcesBuildPhase;
			buildActionMask = 2147483647;
			files = (
			);
			runOnlyForDeploymentPostprocessing = 0;
		};
/* End PBXSourcesBuildPhase section */

/* Begin PBXTargetDependency section */
		68BF5EC32EA2C9D6005C065F /* PBXTargetDependency */ = {
			isa = PBXTargetDependency;
			target = 68BF5EB32EA2C9D5005C065F /* ReceiptManager */;
			targetProxy = 68BF5EC22EA2C9D6005C065F /* PBXContainerItemProxy */;
		};
		68BF5ECD2EA2C9D6005C065F /* PBXTargetDependency */ = {
			isa = PBXTargetDependency;
			target = 68BF5EB32EA2C9D5005C065F /* ReceiptManager */;
			targetProxy = 68BF5ECC2EA2C9D6005C065F /* PBXContainerItemProxy */;
		};
/* End PBXTargetDependency section */

/* Begin XCBuildConfiguration section */
		68BF5ED32EA2C9D6005C065F /* Debug */ = {
			isa = XCBuildConfiguration;
			buildSettings = {
				ALWAYS_SEARCH_USER_PATHS = NO;
				ASSETCATALOG_COMPILER_GENERATE_SWIFT_ASSET_SYMBOL_EXTENSIONS = YES;
				CLANG_ANALYZER_NONNULL = YES;
				CLANG_ANALYZER_NUMBER_OBJECT_CONVERSION = YES_AGGRESSIVE;
				CLANG_CXX_LANGUAGE_STANDARD = "gnu++20";
				CLANG_ENABLE_MODULES = YES;
				CLANG_ENABLE_OBJC_ARC = YES;
				CLANG_ENABLE_OBJC_WEAK = YES;
				CLANG_WARN_BLOCK_CAPTURE_AUTORELEASING = YES;
				CLANG_WARN_BOOL_CONVERSION = YES;
				CLANG_WARN_COMMA = YES;
				CLANG_WARN_CONSTANT_CONVERSION = YES;
				CLANG_WARN_DEPRECATED_OBJC_IMPLEMENTATIONS = YES;
				CLANG_WARN_DIRECT_OBJC_ISA_USAGE = YES_ERROR;
				CLANG_WARN_DOCUMENTATION_COMMENTS = YES;
				CLANG_WARN_EMPTY_BODY = YES;
				CLANG_WARN_ENUM_CONVERSION = YES;
				CLANG_WARN_INFINITE_RECURSION = YES;
				CLANG_WARN_INT_CONVERSION = YES;
				CLANG_WARN_NON_LITERAL_NULL_CONVERSION = YES;
				CLANG_WARN_OBJC_IMPLICIT_RETAIN_SELF = YES;
				CLANG_WARN_OBJC_LITERAL_CONVERSION = YES;
				CLANG_WARN_OBJC_ROOT_CLASS = YES_ERROR;
				CLANG_WARN_QUOTED_INCLUDE_IN_FRAMEWORK_HEADER = YES;
				CLANG_WARN_RANGE_LOOP_ANALYSIS = YES;
				CLANG_WARN_STRICT_PROTOTYPES = YES;
				CLANG_WARN_SUSPICIOUS_MOVE = YES;
				CLANG_WARN_UNGUARDED_AVAILABILITY = YES_AGGRESSIVE;
				CLANG_WARN_UNREACHABLE_CODE = YES;
				CLANG_WARN__DUPLICATE_METHOD_MATCH = YES;
				COPY_PHASE_STRIP = NO;
				DEBUG_INFORMATION_FORMAT = dwarf;
				ENABLE_STRICT_OBJC_MSGSEND = YES;
				ENABLE_TESTABILITY = YES;
				ENABLE_USER_SCRIPT_SANDBOXING = YES;
				GCC_C_LANGUAGE_STANDARD = gnu17;
				GCC_DYNAMIC_NO_PIC = NO;
				GCC_NO_COMMON_BLOCKS = YES;
				GCC_OPTIMIZATION_LEVEL = 0;
				GCC_PREPROCESSOR_DEFINITIONS = (
					"DEBUG=1",
					"$(inherited)",
				);
				GCC_WARN_64_TO_32_BIT_CONVERSION = YES;
				GCC_WARN_ABOUT_RETURN_TYPE = YES_ERROR;
				GCC_WARN_UNDECLARED_SELECTOR = YES;
				GCC_WARN_UNINITIALIZED_AUTOS = YES_AGGRESSIVE;
				GCC_WARN_UNUSED_FUNCTION = YES;
				GCC_WARN_UNUSED_VARIABLE = YES;
				IPHONEOS_DEPLOYMENT_TARGET = 26.0;
				LOCALIZATION_PREFERS_STRING_CATALOGS = YES;
				MTL_ENABLE_DEBUG_INFO = INCLUDE_SOURCE;
				MTL_FAST_MATH = YES;
				ONLY_ACTIVE_ARCH = YES;
				SDKROOT = iphoneos;
				SWIFT_ACTIVE_COMPILATION_CONDITIONS = "DEBUG $(inherited)";
				SWIFT_OPTIMIZATION_LEVEL = "-Onone";
			};
			name = Debug;
		};
		68BF5ED42EA2C9D6005C065F /* Release */ = {
			isa = XCBuildConfiguration;
			buildSettings = {
				ALWAYS_SEARCH_USER_PATHS = NO;
				ASSETCATALOG_COMPILER_GENERATE_SWIFT_ASSET_SYMBOL_EXTENSIONS = YES;
				CLANG_ANALYZER_NONNULL = YES;
				CLANG_ANALYZER_NUMBER_OBJECT_CONVERSION = YES_AGGRESSIVE;
				CLANG_CXX_LANGUAGE_STANDARD = "gnu++20";
				CLANG_ENABLE_MODULES = YES;
				CLANG_ENABLE_OBJC_ARC = YES;
				CLANG_ENABLE_OBJC_WEAK = YES;
				CLANG_WARN_BLOCK_CAPTURE_AUTORELEASING = YES;
				CLANG_WARN_BOOL_CONVERSION = YES;
				CLANG_WARN_COMMA = YES;
				CLANG_WARN_CONSTANT_CONVERSION = YES;
				CLANG_WARN_DEPRECATED_OBJC_IMPLEMENTATIONS = YES;
				CLANG_WARN_DIRECT_OBJC_ISA_USAGE = YES_ERROR;
				CLANG_WARN_DOCUMENTATION_COMMENTS = YES;
				CLANG_WARN_EMPTY_BODY = YES;
				CLANG_WARN_ENUM_CONVERSION = YES;
				CLANG_WARN_INFINITE_RECURSION = YES;
				CLANG_WARN_INT_CONVERSION = YES;
				CLANG_WARN_NON_LITERAL_NULL_CONVERSION = YES;
				CLANG_WARN_OBJC_IMPLICIT_RETAIN_SELF = YES;
				CLANG_WARN_OBJC_LITERAL_CONVERSION = YES;
				CLANG_WARN_OBJC_ROOT_CLASS = YES_ERROR;
				CLANG_WARN_QUOTED_INCLUDE_IN_FRAMEWORK_HEADER = YES;
				CLANG_WARN_RANGE_LOOP_ANALYSIS = YES;
				CLANG_WARN_STRICT_PROTOTYPES = YES;
				CLANG_WARN_SUSPICIOUS_MOVE = YES;
				CLANG_WARN_UNGUARDED_AVAILABILITY = YES_AGGRESSIVE;
				CLANG_WARN_UNREACHABLE_CODE = YES;
				CLANG_WARN__DUPLICATE_METHOD_MATCH = YES;
				COPY_PHASE_STRIP = NO;
				DEBUG_INFORMATION_FORMAT = "dwarf-with-dsym";
				ENABLE_NS_ASSERTIONS = NO;
				ENABLE_STRICT_OBJC_MSGSEND = YES;
				ENABLE_USER_SCRIPT_SANDBOXING = YES;
				GCC_C_LANGUAGE_STANDARD = gnu17;
				GCC_NO_COMMON_BLOCKS = YES;
				GCC_WARN_64_TO_32_BIT_CONVERSION = YES;
				GCC_WARN_ABOUT_RETURN_TYPE = YES_ERROR;
				GCC_WARN_UNDECLARED_SELECTOR = YES;
				GCC_WARN_UNINITIALIZED_AUTOS = YES_AGGRESSIVE;
				GCC_WARN_UNUSED_FUNCTION = YES;
				GCC_WARN_UNUSED_VARIABLE = YES;
				IPHONEOS_DEPLOYMENT_TARGET = 26.0;
				LOCALIZATION_PREFERS_STRING_CATALOGS = YES;
				MTL_ENABLE_DEBUG_INFO = NO;
				MTL_FAST_MATH = YES;
				SDKROOT = iphoneos;
				SWIFT_COMPILATION_MODE = wholemodule;
				VALIDATE_PRODUCT = YES;
			};
			name = Release;
		};
		68BF5ED62EA2C9D6005C065F /* Debug */ = {
			isa = XCBuildConfiguration;
			buildSettings = {
				ASSETCATALOG_COMPILER_APPICON_NAME = AppIcon;
				ASSETCATALOG_COMPILER_GLOBAL_ACCENT_COLOR_NAME = AccentColor;
				CODE_SIGN_STYLE = Automatic;
				CURRENT_PROJECT_VERSION = 1;
				ENABLE_PREVIEWS = YES;
				GENERATE_INFOPLIST_FILE = YES;
				INFOPLIST_KEY_UIApplicationSceneManifest_Generation = YES;
				INFOPLIST_KEY_UIApplicationSupportsIndirectInputEvents = YES;
				INFOPLIST_KEY_UILaunchScreen_Generation = YES;
				INFOPLIST_KEY_UISupportedInterfaceOrientations_iPad = "UIInterfaceOrientationPortrait UIInterfaceOrientationPortraitUpsideDown UIInterfaceOrientationLandscapeLeft UIInterfaceOrientationLandscapeRight";
				INFOPLIST_KEY_UISupportedInterfaceOrientations_iPhone = "UIInterfaceOrientationPortrait UIInterfaceOrientationLandscapeLeft UIInterfaceOrientationLandscapeRight";
				LD_RUNPATH_SEARCH_PATHS = (
					"$(inherited)",
					"@executable_path/Frameworks",
				);
				MARKETING_VERSION = 1.0;
				PRODUCT_BUNDLE_IDENTIFIER = BinaryMasters.ReceiptManager;
				PRODUCT_NAME = "$(TARGET_NAME)";
				STRING_CATALOG_GENERATE_SYMBOLS = YES;
				SWIFT_APPROACHABLE_CONCURRENCY = YES;
				SWIFT_DEFAULT_ACTOR_ISOLATION = MainActor;
				SWIFT_EMIT_LOC_STRINGS = YES;
				SWIFT_UPCOMING_FEATURE_MEMBER_IMPORT_VISIBILITY = YES;
				SWIFT_VERSION = 5.0;
				TARGETED_DEVICE_FAMILY = "1,2";
			};
			name = Debug;
		};
		68BF5ED72EA2C9D6005C065F /* Release */ = {
			isa = XCBuildConfiguration;
			buildSettings = {
				ASSETCATALOG_COMPILER_APPICON_NAME = AppIcon;
				ASSETCATALOG_COMPILER_GLOBAL_ACCENT_COLOR_NAME = AccentColor;
				CODE_SIGN_STYLE = Automatic;
				CURRENT_PROJECT_VERSION = 1;
				ENABLE_PREVIEWS = YES;
				GENERATE_INFOPLIST_FILE = YES;
				INFOPLIST_KEY_UIApplicationSceneManifest_Generation = YES;
				INFOPLIST_KEY_UIApplicationSupportsIndirectInputEvents = YES;
				INFOPLIST_KEY_UILaunchScreen_Generation = YES;
				INFOPLIST_KEY_UISupportedInterfaceOrientations_iPad = "UIInterfaceOrientationPortrait UIInterfaceOrientationPortraitUpsideDown UIInterfaceOrientationLandscapeLeft UIInterfaceOrientationLandscapeRight";
				INFOPLIST_KEY_UISupportedInterfaceOrientations_iPhone = "UIInterfaceOrientationPortrait UIInterfaceOrientationLandscapeLeft UIInterfaceOrientationLandscapeRight";
				LD_RUNPATH_SEARCH_PATHS = (
					"$(inherited)",
					"@executable_path/Frameworks",
				);
				MARKETING_VERSION = 1.0;
				PRODUCT_BUNDLE_IDENTIFIER = BinaryMasters.ReceiptManager;
				PRODUCT_NAME = "$(TARGET_NAME)";
				STRING_CATALOG_GENERATE_SYMBOLS = YES;
				SWIFT_APPROACHABLE_CONCURRENCY = YES;
				SWIFT_DEFAULT_ACTOR_ISOLATION = MainActor;
				SWIFT_EMIT_LOC_STRINGS = YES;
				SWIFT_UPCOMING_FEATURE_MEMBER_IMPORT_VISIBILITY = YES;
				SWIFT_VERSION = 5.0;
				TARGETED_DEVICE_FAMILY = "1,2";
			};
			name = Release;
		};
		68BF5ED92EA2C9D6005C065F /* Debug */ = {
			isa = XCBuildConfiguration;
			buildSettings = {
				BUNDLE_LOADER = "$(TEST_HOST)";
				CODE_SIGN_STYLE = Automatic;
				CURRENT_PROJECT_VERSION = 1;
				GENERATE_INFOPLIST_FILE = YES;
				IPHONEOS_DEPLOYMENT_TARGET = 26.0;
				MARKETING_VERSION = 1.0;
				PRODUCT_BUNDLE_IDENTIFIER = BinaryMasters.ReceiptManagerTests;
				PRODUCT_NAME = "$(TARGET_NAME)";
				STRING_CATALOG_GENERATE_SYMBOLS = NO;
				SWIFT_APPROACHABLE_CONCURRENCY = YES;
				SWIFT_EMIT_LOC_STRINGS = NO;
				SWIFT_UPCOMING_FEATURE_MEMBER_IMPORT_VISIBILITY = YES;
				SWIFT_VERSION = 5.0;
				TARGETED_DEVICE_FAMILY = "1,2";
				TEST_HOST = "$(BUILT_PRODUCTS_DIR)/ReceiptManager.app/$(BUNDLE_EXECUTABLE_FOLDER_PATH)/ReceiptManager";
			};
			name = Debug;
		};
		68BF5EDA2EA2C9D6005C065F /* Release */ = {
			isa = XCBuildConfiguration;
			buildSettings = {
				BUNDLE_LOADER = "$(TEST_HOST)";
				CODE_SIGN_STYLE = Automatic;
				CURRENT_PROJECT_VERSION = 1;
				GENERATE_INFOPLIST_FILE = YES;
				IPHONEOS_DEPLOYMENT_TARGET = 26.0;
				MARKETING_VERSION = 1.0;
				PRODUCT_BUNDLE_IDENTIFIER = BinaryMasters.ReceiptManagerTests;
				PRODUCT_NAME = "$(TARGET_NAME)";
				STRING_CATALOG_GENERATE_SYMBOLS = NO;
				SWIFT_APPROACHABLE_CONCURRENCY = YES;
				SWIFT_EMIT_LOC_STRINGS = NO;
				SWIFT_UPCOMING_FEATURE_MEMBER_IMPORT_VISIBILITY = YES;
				SWIFT_VERSION = 5.0;
				TARGETED_DEVICE_FAMILY = "1,2";
				TEST_HOST = "$(BUILT_PRODUCTS_DIR)/ReceiptManager.app/$(BUNDLE_EXECUTABLE_FOLDER_PATH)/ReceiptManager";
			};
			name = Release;
		};
		68BF5EDC2EA2C9D6005C065F /* Debug */ = {
			isa = XCBuildConfiguration;
			buildSettings = {
				CODE_SIGN_STYLE = Automatic;
				CURRENT_PROJECT_VERSION = 1;
				GENERATE_INFOPLIST_FILE = YES;
				MARKETING_VERSION = 1.0;
				PRODUCT_BUNDLE_IDENTIFIER = BinaryMasters.ReceiptManagerUITests;
				PRODUCT_NAME = "$(TARGET_NAME)";
				STRING_CATALOG_GENERATE_SYMBOLS = NO;
				SWIFT_APPROACHABLE_CONCURRENCY = YES;
				SWIFT_EMIT_LOC_STRINGS = NO;
				SWIFT_UPCOMING_FEATURE_MEMBER_IMPORT_VISIBILITY = YES;
				SWIFT_VERSION = 5.0;
				TARGETED_DEVICE_FAMILY = "1,2";
				TEST_TARGET_NAME = ReceiptManager;
			};
			name = Debug;
		};
		68BF5EDD2EA2C9D6005C065F /* Release */ = {
			isa = XCBuildConfiguration;
			buildSettings = {
				CODE_SIGN_STYLE = Automatic;
				CURRENT_PROJECT_VERSION = 1;
				GENERATE_INFOPLIST_FILE = YES;
				MARKETING_VERSION = 1.0;
				PRODUCT_BUNDLE_IDENTIFIER = BinaryMasters.ReceiptManagerUITests;
				PRODUCT_NAME = "$(TARGET_NAME)";
				STRING_CATALOG_GENERATE_SYMBOLS = NO;
				SWIFT_APPROACHABLE_CONCURRENCY = YES;
				SWIFT_EMIT_LOC_STRINGS = NO;
				SWIFT_UPCOMING_FEATURE_MEMBER_IMPORT_VISIBILITY = YES;
				SWIFT_VERSION = 5.0;
				TARGETED_DEVICE_FAMILY = "1,2";
				TEST_TARGET_NAME = ReceiptManager;
			};
			name = Release;
		};
/* End XCBuildConfiguration section */

/* Begin XCConfigurationList section */
		68BF5EAF2EA2C9D5005C065F /* Build configuration list for PBXProject "ReceiptManager" */ = {
			isa = XCConfigurationList;
			buildConfigurations = (
				68BF5ED32EA2C9D6005C065F /* Debug */,
				68BF5ED42EA2C9D6005C065F /* Release */,
			);
			defaultConfigurationIsVisible = 0;
			defaultConfigurationName = Release;
		};
		68BF5ED52EA2C9D6005C065F /* Build configuration list for PBXNativeTarget "ReceiptManager" */ = {
			isa = XCConfigurationList;
			buildConfigurations = (
				68BF5ED62EA2C9D6005C065F /* Debug */,
				68BF5ED72EA2C9D6005C065F /* Release */,
			);
			defaultConfigurationIsVisible = 0;
			defaultConfigurationName = Release;
		};
		68BF5ED82EA2C9D6005C065F /* Build configuration list for PBXNativeTarget "ReceiptManagerTests" */ = {
			isa = XCConfigurationList;
			buildConfigurations = (
				68BF5ED92EA2C9D6005C065F /* Debug */,
				68BF5EDA2EA2C9D6005C065F /* Release */,
			);
			defaultConfigurationIsVisible = 0;
			defaultConfigurationName = Release;
		};
		68BF5EDB2EA2C9D6005C065F /* Build configuration list for PBXNativeTarget "ReceiptManagerUITests" */ = {
			isa = XCConfigurationList;
			buildConfigurations = (
				68BF5EDC2EA2C9D6005C065F /* Debug */,
				68BF5EDD2EA2C9D6005C065F /* Release */,
			);
			defaultConfigurationIsVisible = 0;
			defaultConfigurationName = Release;
		};
/* End XCConfigurationList section */
	};
	rootObject = 68BF5EAC2EA2C9D5005C065F /* Project object */;
}
